
Microsoft Visual Studio Solution File, Format Version 12.00
# Visual Studio Version 17
VisualStudioVersion = 17.11.35219.272
MinimumVisualStudioVersion = 10.0.40219.1
Project("{FAE04EC0-301F-11D3-BF4B-00C04F79EFBC}") = "ConsoleApp1", "ConsoleApp1\ConsoleApp1.csproj", "{1DFE2570-9568-448C-8C1D-6F115ABC5578}"
EndProject
Global
	GlobalSection(SolutionConfigurationPlatforms) = preSolution
		Debug|Any CPU = Debug|Any CPU
		Release|Any CPU = Release|Any CPU
	EndGlobalSection
	GlobalSection(ProjectConfigurationPlatforms) = postSolution
		{1DFE2570-9568-448C-8C1D-6F115ABC5578}.Debug|Any CPU.ActiveCfg = Debug|Any CPU
		{1DFE2570-9568-448C-8C1D-6F115ABC5578}.Debug|Any CPU.Build.0 = Debug|Any CPU
		{1DFE2570-9568-448C-8C1D-6F115ABC5578}.Release|Any CPU.ActiveCfg = Release|Any CPU
		{1DFE2570-9568-448C-8C1D-6F115ABC5578}.Release|Any CPU.Build.0 = Release|Any CPU
	EndGlobalSection
	GlobalSection(SolutionProperties) = preSolution
		HideSolutionNode = FALSE
	EndGlobalSection
	GlobalSection(ExtensibilityGlobals) = postSolution
		SolutionGuid = {29B62EBE-F80D-4020-BFD8-3AFEB2F35BFC}
	EndGlobalSection
EndGlobal
